
Microsoft Visual Studio Solution File, Format Version 12.00
# Visual Studio 14
VisualStudioVersion = 14.0.25420.1
MinimumVisualStudioVersion = 10.0.40219.1
Project("{FAE04EC0-301F-11D3-BF4B-00C04F79EFBC}") = "PlatesRipere", "PlatesRipere\PlatesRipere.csproj", "{013F7126-D6A9-4BEC-83BF-36D03C431495}"
EndProject
Project("{FAE04EC0-301F-11D3-BF4B-00C04F79EFBC}") = "SleepingCatTom", "SleepingCatTom\SleepingCatTom.csproj", "{9C98CFD3-534A-4DD9-9B84-6A1CE2A033F8}"
EndProject
Project("{FAE04EC0-301F-11D3-BF4B-00C04F79EFBC}") = "NumbersCalkulation", "NumbersCalkulation\NumbersCalkulation.csproj", "{695614C8-0E76-4CC0-9482-9FB567507BF3}"
EndProject
Project("{FAE04EC0-301F-11D3-BF4B-00C04F79EFBC}") = "SmartLily", "SmartLily\SmartLily.csproj", "{C7730ACD-26E4-4FAD-B9C7-DC0EE242081A}"
EndProject
Project("{FAE04EC0-301F-11D3-BF4B-00C04F79EFBC}") = "SpecialNumbers", "SpecialNumbers\SpecialNumbers.csproj", "{736E9D9D-8A61-49AD-ACDE-D8C7D2700E13}"
EndProject
Global
	GlobalSection(SolutionConfigurationPlatforms) = preSolution
		Debug|Any CPU = Debug|Any CPU
		Release|Any CPU = Release|Any CPU
	EndGlobalSection
	GlobalSection(ProjectConfigurationPlatforms) = postSolution
		{013F7126-D6A9-4BEC-83BF-36D03C431495}.Debug|Any CPU.ActiveCfg = Debug|Any CPU
		{013F7126-D6A9-4BEC-83BF-36D03C431495}.Debug|Any CPU.Build.0 = Debug|Any CPU
		{013F7126-D6A9-4BEC-83BF-36D03C431495}.Release|Any CPU.ActiveCfg = Release|Any CPU
		{013F7126-D6A9-4BEC-83BF-36D03C431495}.Release|Any CPU.Build.0 = Release|Any CPU
		{9C98CFD3-534A-4DD9-9B84-6A1CE2A033F8}.Debug|Any CPU.ActiveCfg = Debug|Any CPU
		{9C98CFD3-534A-4DD9-9B84-6A1CE2A033F8}.Debug|Any CPU.Build.0 = Debug|Any CPU
		{9C98CFD3-534A-4DD9-9B84-6A1CE2A033F8}.Release|Any CPU.ActiveCfg = Release|Any CPU
		{9C98CFD3-534A-4DD9-9B84-6A1CE2A033F8}.Release|Any CPU.Build.0 = Release|Any CPU
		{695614C8-0E76-4CC0-9482-9FB567507BF3}.Debug|Any CPU.ActiveCfg = Debug|Any CPU
		{695614C8-0E76-4CC0-9482-9FB567507BF3}.Debug|Any CPU.Build.0 = Debug|Any CPU
		{695614C8-0E76-4CC0-9482-9FB567507BF3}.Release|Any CPU.ActiveCfg = Release|Any CPU
		{695614C8-0E76-4CC0-9482-9FB567507BF3}.Release|Any CPU.Build.0 = Release|Any CPU
		{C7730ACD-26E4-4FAD-B9C7-DC0EE242081A}.Debug|Any CPU.ActiveCfg = Debug|Any CPU
		{C7730ACD-26E4-4FAD-B9C7-DC0EE242081A}.Debug|Any CPU.Build.0 = Debug|Any CPU
		{C7730ACD-26E4-4FAD-B9C7-DC0EE242081A}.Release|Any CPU.ActiveCfg = Release|Any CPU
		{C7730ACD-26E4-4FAD-B9C7-DC0EE242081A}.Release|Any CPU.Build.0 = Release|Any CPU
		{736E9D9D-8A61-49AD-ACDE-D8C7D2700E13}.Debug|Any CPU.ActiveCfg = Debug|Any CPU
		{736E9D9D-8A61-49AD-ACDE-D8C7D2700E13}.Debug|Any CPU.Build.0 = Debug|Any CPU
		{736E9D9D-8A61-49AD-ACDE-D8C7D2700E13}.Release|Any CPU.ActiveCfg = Release|Any CPU
		{736E9D9D-8A61-49AD-ACDE-D8C7D2700E13}.Release|Any CPU.Build.0 = Release|Any CPU
	EndGlobalSection
	GlobalSection(SolutionProperties) = preSolution
		HideSolutionNode = FALSE
	EndGlobalSection
EndGlobal
